// !$*UTF8*$!
{
	archiveVersion = 1;
	classes = {
	};
	objectVersion = 46;
	objects = {

/* Begin PBXBuildFile section */
		8F7F36641CFD1E83007CEDB6 /* main.m in Sources */ = {isa = PBXBuildFile; fileRef = 8F7F36631CFD1E83007CEDB6 /* main.m */; };
		8F7F36671CFD1E83007CEDB6 /* AppDelegate.m in Sources */ = {isa = PBXBuildFile; fileRef = 8F7F36661CFD1E83007CEDB6 /* AppDelegate.m */; };
		8F7F366A1CFD1E83007CEDB6 /* ViewController.m in Sources */ = {isa = PBXBuildFile; fileRef = 8F7F36691CFD1E83007CEDB6 /* ViewController.m */; };
		8F7F366D1CFD1E83007CEDB6 /* Main.storyboard in Resources */ = {isa = PBXBuildFile; fileRef = 8F7F366B1CFD1E83007CEDB6 /* Main.storyboard */; };
		8F7F36701CFD1E83007CEDB6 /* barcode.xcdatamodeld in Sources */ = {isa = PBXBuildFile; fileRef = 8F7F366E1CFD1E83007CEDB6 /* barcode.xcdatamodeld */; };
		8F7F36721CFD1E83007CEDB6 /* Assets.xcassets in Resources */ = {isa = PBXBuildFile; fileRef = 8F7F36711CFD1E83007CEDB6 /* Assets.xcassets */; };
		8F7F36751CFD1E83007CEDB6 /* LaunchScreen.storyboard in Resources */ = {isa = PBXBuildFile; fileRef = 8F7F36731CFD1E83007CEDB6 /* LaunchScreen.storyboard */; };
		8F7F36801CFD1E83007CEDB6 /* barcodeTests.m in Sources */ = {isa = PBXBuildFile; fileRef = 8F7F367F1CFD1E83007CEDB6 /* barcodeTests.m */; };
		8F7F368B1CFD1E83007CEDB6 /* barcodeUITests.m in Sources */ = {isa = PBXBuildFile; fileRef = 8F7F368A1CFD1E83007CEDB6 /* barcodeUITests.m */; };
/* End PBXBuildFile section */

/* Begin PBXContainerItemProxy section */
		8F7F367C1CFD1E83007CEDB6 /* PBXContainerItemProxy */ = {
			isa = PBXContainerItemProxy;
			containerPortal = 8F7F36571CFD1E83007CEDB6 /* Project object */;
			proxyType = 1;
			remoteGlobalIDString = 8F7F365E1CFD1E83007CEDB6;
			remoteInfo = barcode;
		};
		8F7F36871CFD1E83007CEDB6 /* PBXContainerItemProxy */ = {
			isa = PBXContainerItemProxy;
			containerPortal = 8F7F36571CFD1E83007CEDB6 /* Project object */;
			proxyType = 1;
			remoteGlobalIDString = 8F7F365E1CFD1E83007CEDB6;
			remoteInfo = barcode;
		};
/* End PBXContainerItemProxy section */

/* Begin PBXFileReference section */
		8F7F365F1CFD1E83007CEDB6 /* barcode.app */ = {isa = PBXFileReference; explicitFileType = wrapper.application; includeInIndex = 0; path = barcode.app; sourceTree = BUILT_PRODUCTS_DIR; };
		8F7F36631CFD1E83007CEDB6 /* main.m */ = {isa = PBXFileReference; lastKnownFileType = sourcecode.c.objc; path = main.m; sourceTree = "<group>"; };
		8F7F36651CFD1E83007CEDB6 /* AppDelegate.h */ = {isa = PBXFileReference; lastKnownFileType = sourcecode.c.h; path = AppDelegate.h; sourceTree = "<group>"; };
		8F7F36661CFD1E83007CEDB6 /* AppDelegate.m */ = {isa = PBXFileReference; lastKnownFileType = sourcecode.c.objc; path = AppDelegate.m; sourceTree = "<group>"; };
		8F7F36681CFD1E83007CEDB6 /* ViewController.h */ = {isa = PBXFileReference; lastKnownFileType = sourcecode.c.h; path = ViewController.h; sourceTree = "<group>"; };
		8F7F36691CFD1E83007CEDB6 /* ViewController.m */ = {isa = PBXFileReference; lastKnownFileType = sourcecode.c.objc; path = ViewController.m; sourceTree = "<group>"; };
		8F7F366C1CFD1E83007CEDB6 /* Base */ = {isa = PBXFileReference; lastKnownFileType = file.storyboard; name = Base; path = Base.lproj/Main.storyboard; sourceTree = "<group>"; };
		8F7F366F1CFD1E83007CEDB6 /* barcode.xcdatamodel */ = {isa = PBXFileReference; lastKnownFileType = wrapper.xcdatamodel; path = barcode.xcdatamodel; sourceTree = "<group>"; };
		8F7F36711CFD1E83007CEDB6 /* Assets.xcassets */ = {isa = PBXFileReference; lastKnownFileType = folder.assetcatalog; path = Assets.xcassets; sourceTree = "<group>"; };
		8F7F36741CFD1E83007CEDB6 /* Base */ = {isa = PBXFileReference; lastKnownFileType = file.storyboard; name = Base; path = Base.lproj/LaunchScreen.storyboard; sourceTree = "<group>"; };
		8F7F36761CFD1E83007CEDB6 /* Info.plist */ = {isa = PBXFileReference; lastKnownFileType = text.plist.xml; path = Info.plist; sourceTree = "<group>"; };
		8F7F367B1CFD1E83007CEDB6 /* barcodeTests.xctest */ = {isa = PBXFileReference; explicitFileType = wrapper.cfbundle; includeInIndex = 0; path = barcodeTests.xctest; sourceTree = BUILT_PRODUCTS_DIR; };
		8F7F367F1CFD1E83007CEDB6 /* barcodeTests.m */ = {isa = PBXFileReference; lastKnownFileType = sourcecode.c.objc; path = barcodeTests.m; sourceTree = "<group>"; };
		8F7F36811CFD1E83007CEDB6 /* Info.plist */ = {isa = PBXFileReference; lastKnownFileType = text.plist.xml; path = Info.plist; sourceTree = "<group>"; };
		8F7F36861CFD1E83007CEDB6 /* barcodeUITests.xctest */ = {isa = PBXFileReference; explicitFileType = wrapper.cfbundle; includeInIndex = 0; path = barcodeUITests.xctest; sourceTree = BUILT_PRODUCTS_DIR; };
		8F7F368A1CFD1E83007CEDB6 /* barcodeUITests.m */ = {isa = PBXFileReference; lastKnownFileType = sourcecode.c.objc; path = barcodeUITests.m; sourceTree = "<group>"; };
		8F7F368C1CFD1E83007CEDB6 /* Info.plist */ = {isa = PBXFileReference; lastKnownFileType = text.plist.xml; path = Info.plist; sourceTree = "<group>"; };
/* End PBXFileReference section */

/* Begin PBXFrameworksBuildPhase section */
		8F7F365C1CFD1E83007CEDB6 /* Frameworks */ = {
			isa = PBXFrameworksBuildPhase;
			buildActionMask = 2147483647;
			files = (
			);
			runOnlyForDeploymentPostprocessing = 0;
		};
		8F7F36781CFD1E83007CEDB6 /* Frameworks */ = {
			isa = PBXFrameworksBuildPhase;
			buildActionMask = 2147483647;
			files = (
			);
			runOnlyForDeploymentPostprocessing = 0;
		};
		8F7F36831CFD1E83007CEDB6 /* Frameworks */ = {
			isa = PBXFrameworksBuildPhase;
			buildActionMask = 2147483647;
			files = (
			);
			runOnlyForDeploymentPostprocessing = 0;
		};
/* End PBXFrameworksBuildPhase section */

/* Begin PBXGroup section */
		8F7F36561CFD1E83007CEDB6 = {
			isa = PBXGroup;
			children = (
				8F7F36611CFD1E83007CEDB6 /* barcode */,
				8F7F367E1CFD1E83007CEDB6 /* barcodeTests */,
				8F7F36891CFD1E83007CEDB6 /* barcodeUITests */,
				8F7F36601CFD1E83007CEDB6 /* Products */,
			);
			sourceTree = "<group>";
		};
		8F7F36601CFD1E83007CEDB6 /* Products */ = {
			isa = PBXGroup;
			children = (
				8F7F365F1CFD1E83007CEDB6 /* barcode.app */,
				8F7F367B1CFD1E83007CEDB6 /* barcodeTests.xctest */,
				8F7F36861CFD1E83007CEDB6 /* barcodeUITests.xctest */,
			);
			name = Products;
			sourceTree = "<group>";
		};
		8F7F36611CFD1E83007CEDB6 /* barcode */ = {
			isa = PBXGroup;
			children = (
				8F7F36651CFD1E83007CEDB6 /* AppDelegate.h */,
				8F7F36661CFD1E83007CEDB6 /* AppDelegate.m */,
				8F7F36681CFD1E83007CEDB6 /* ViewController.h */,
				8F7F36691CFD1E83007CEDB6 /* ViewController.m */,
				8F7F366B1CFD1E83007CEDB6 /* Main.storyboard */,
				8F7F36711CFD1E83007CEDB6 /* Assets.xcassets */,
				8F7F36731CFD1E83007CEDB6 /* LaunchScreen.storyboard */,
				8F7F36761CFD1E83007CEDB6 /* Info.plist */,
				8F7F366E1CFD1E83007CEDB6 /* barcode.xcdatamodeld */,
				8F7F36621CFD1E83007CEDB6 /* Supporting Files */,
			);
			path = barcode;
			sourceTree = "<group>";
		};
		8F7F36621CFD1E83007CEDB6 /* Supporting Files */ = {
			isa = PBXGroup;
			children = (
				8F7F36631CFD1E83007CEDB6 /* main.m */,
			);
			name = "Supporting Files";
			sourceTree = "<group>";
		};
		8F7F367E1CFD1E83007CEDB6 /* barcodeTests */ = {
			isa = PBXGroup;
			children = (
				8F7F367F1CFD1E83007CEDB6 /* barcodeTests.m */,
				8F7F36811CFD1E83007CEDB6 /* Info.plist */,
			);
			path = barcodeTests;
			sourceTree = "<group>";
		};
		8F7F36891CFD1E83007CEDB6 /* barcodeUITests */ = {
			isa = PBXGroup;
			children = (
				8F7F368A1CFD1E83007CEDB6 /* barcodeUITests.m */,
				8F7F368C1CFD1E83007CEDB6 /* Info.plist */,
			);
			path = barcodeUITests;
			sourceTree = "<group>";
		};
/* End PBXGroup section */

/* Begin PBXNativeTarget section */
		8F7F365E1CFD1E83007CEDB6 /* barcode */ = {
			isa = PBXNativeTarget;
			buildConfigurationList = 8F7F368F1CFD1E83007CEDB6 /* Build configuration list for PBXNativeTarget "barcode" */;
			buildPhases = (
				8F7F365B1CFD1E83007CEDB6 /* Sources */,
				8F7F365C1CFD1E83007CEDB6 /* Frameworks */,
				8F7F365D1CFD1E83007CEDB6 /* Resources */,
			);
			buildRules = (
			);
			dependencies = (
			);
			name = barcode;
			productName = barcode;
			productReference = 8F7F365F1CFD1E83007CEDB6 /* barcode.app */;
			productType = "com.apple.product-type.application";
		};
		8F7F367A1CFD1E83007CEDB6 /* barcodeTests */ = {
			isa = PBXNativeTarget;
			buildConfigurationList = 8F7F36921CFD1E83007CEDB6 /* Build configuration list for PBXNativeTarget "barcodeTests" */;
			buildPhases = (
				8F7F36771CFD1E83007CEDB6 /* Sources */,
				8F7F36781CFD1E83007CEDB6 /* Frameworks */,
				8F7F36791CFD1E83007CEDB6 /* Resources */,
			);
			buildRules = (
			);
			dependencies = (
				8F7F367D1CFD1E83007CEDB6 /* PBXTargetDependency */,
			);
			name = barcodeTests;
			productName = barcodeTests;
			productReference = 8F7F367B1CFD1E83007CEDB6 /* barcodeTests.xctest */;
			productType = "com.apple.product-type.bundle.unit-test";
		};
		8F7F36851CFD1E83007CEDB6 /* barcodeUITests */ = {
			isa = PBXNativeTarget;
			buildConfigurationList = 8F7F36951CFD1E83007CEDB6 /* Build configuration list for PBXNativeTarget "barcodeUITests" */;
			buildPhases = (
				8F7F36821CFD1E83007CEDB6 /* Sources */,
				8F7F36831CFD1E83007CEDB6 /* Frameworks */,
				8F7F36841CFD1E83007CEDB6 /* Resources */,
			);
			buildRules = (
			);
			dependencies = (
				8F7F36881CFD1E83007CEDB6 /* PBXTargetDependency */,
			);
			name = barcodeUITests;
			productName = barcodeUITests;
			productReference = 8F7F36861CFD1E83007CEDB6 /* barcodeUITests.xctest */;
			productType = "com.apple.product-type.bundle.ui-testing";
		};
/* End PBXNativeTarget section */

/* Begin PBXProject section */
		8F7F36571CFD1E83007CEDB6 /* Project object */ = {
			isa = PBXProject;
			attributes = {
				LastUpgradeCheck = 0730;
				ORGANIZATIONNAME = YH;
				TargetAttributes = {
					8F7F365E1CFD1E83007CEDB6 = {
						CreatedOnToolsVersion = 7.3.1;
						DevelopmentTeam = Q4S4XB5297;
					};
					8F7F367A1CFD1E83007CEDB6 = {
						CreatedOnToolsVersion = 7.3.1;
						TestTargetID = 8F7F365E1CFD1E83007CEDB6;
					};
					8F7F36851CFD1E83007CEDB6 = {
						CreatedOnToolsVersion = 7.3.1;
						TestTargetID = 8F7F365E1CFD1E83007CEDB6;
					};
				};
			};
			buildConfigurationList = 8F7F365A1CFD1E83007CEDB6 /* Build configuration list for PBXProject "barcode" */;
			compatibilityVersion = "Xcode 3.2";
			developmentRegion = English;
			hasScannedForEncodings = 0;
			knownRegions = (
				en,
				Base,
			);
			mainGroup = 8F7F36561CFD1E83007CEDB6;
			productRefGroup = 8F7F36601CFD1E83007CEDB6 /* Products */;
			projectDirPath = "";
			projectRoot = "";
			targets = (
				8F7F365E1CFD1E83007CEDB6 /* barcode */,
				8F7F367A1CFD1E83007CEDB6 /* barcodeTests */,
				8F7F36851CFD1E83007CEDB6 /* barcodeUITests */,
			);
		};
/* End PBXProject section */

/* Begin PBXResourcesBuildPhase section */
		8F7F365D1CFD1E83007CEDB6 /* Resources */ = {
			isa = PBXResourcesBuildPhase;
			buildActionMask = 2147483647;
			files = (
				8F7F36751CFD1E83007CEDB6 /* LaunchScreen.storyboard in Resources */,
				8F7F36721CFD1E83007CEDB6 /* Assets.xcassets in Resources */,
				8F7F366D1CFD1E83007CEDB6 /* Main.storyboard in Resources */,
			);
			runOnlyForDeploymentPostprocessing = 0;
		};
		8F7F36791CFD1E83007CEDB6 /* Resources */ = {
			isa = PBXResourcesBuildPhase;
			buildActionMask = 2147483647;
			files = (
			);
			runOnlyForDeploymentPostprocessing = 0;
		};
		8F7F36841CFD1E83007CEDB6 /* Resources */ = {
			isa = PBXResourcesBuildPhase;
			buildActionMask = 2147483647;
			files = (
			);
			runOnlyForDeploymentPostprocessing = 0;
		};
/* End PBXResourcesBuildPhase section */

/* Begin PBXSourcesBuildPhase section */
		8F7F365B1CFD1E83007CEDB6 /* Sources */ = {
			isa = PBXSourcesBuildPhase;
			buildActionMask = 2147483647;
			files = (
				8F7F36701CFD1E83007CEDB6 /* barcode.xcdatamodeld in Sources */,
				8F7F366A1CFD1E83007CEDB6 /* ViewController.m in Sources */,
				8F7F36671CFD1E83007CEDB6 /* AppDelegate.m in Sources */,
				8F7F36641CFD1E83007CEDB6 /* main.m in Sources */,
			);
			runOnlyForDeploymentPostprocessing = 0;
		};
		8F7F36771CFD1E83007CEDB6 /* Sources */ = {
			isa = PBXSourcesBuildPhase;
			buildActionMask = 2147483647;
			files = (
				8F7F36801CFD1E83007CEDB6 /* barcodeTests.m in Sources */,
			);
			runOnlyForDeploymentPostprocessing = 0;
		};
		8F7F36821CFD1E83007CEDB6 /* Sources */ = {
			isa = PBXSourcesBuildPhase;
			buildActionMask = 2147483647;
			files = (
				8F7F368B1CFD1E83007CEDB6 /* barcodeUITests.m in Sources */,
			);
			runOnlyForDeploymentPostprocessing = 0;
		};
/* End PBXSourcesBuildPhase section */

/* Begin PBXTargetDependency section */
		8F7F367D1CFD1E83007CEDB6 /* PBXTargetDependency */ = {
			isa = PBXTargetDependency;
			target = 8F7F365E1CFD1E83007CEDB6 /* barcode */;
			targetProxy = 8F7F367C1CFD1E83007CEDB6 /* PBXContainerItemProxy */;
		};
		8F7F36881CFD1E83007CEDB6 /* PBXTargetDependency */ = {
			isa = PBXTargetDependency;
			target = 8F7F365E1CFD1E83007CEDB6 /* barcode */;
			targetProxy = 8F7F36871CFD1E83007CEDB6 /* PBXContainerItemProxy */;
		};
/* End PBXTargetDependency section */

/* Begin PBXVariantGroup section */
		8F7F366B1CFD1E83007CEDB6 /* Main.storyboard */ = {
			isa = PBXVariantGroup;
			children = (
				8F7F366C1CFD1E83007CEDB6 /* Base */,
			);
			name = Main.storyboard;
			sourceTree = "<group>";
		};
		8F7F36731CFD1E83007CEDB6 /* LaunchScreen.storyboard */ = {
			isa = PBXVariantGroup;
			children = (
				8F7F36741CFD1E83007CEDB6 /* Base */,
			);
			name = LaunchScreen.storyboard;
			sourceTree = "<group>";
		};
/* End PBXVariantGroup section */

/* Begin XCBuildConfiguration section */
		8F7F368D1CFD1E83007CEDB6 /* Debug */ = {
			isa = XCBuildConfiguration;
			buildSettings = {
				ALWAYS_SEARCH_USER_PATHS = NO;
				CLANG_ANALYZER_NONNULL = YES;
				CLANG_CXX_LANGUAGE_STANDARD = "gnu++0x";
				CLANG_CXX_LIBRARY = "libc++";
				CLANG_ENABLE_MODULES = YES;
				CLANG_ENABLE_OBJC_ARC = YES;
				CLANG_WARN_BOOL_CONVERSION = YES;
				CLANG_WARN_CONSTANT_CONVERSION = YES;
				CLANG_WARN_DIRECT_OBJC_ISA_USAGE = YES_ERROR;
				CLANG_WARN_EMPTY_BODY = YES;
				CLANG_WARN_ENUM_CONVERSION = YES;
				CLANG_WARN_INT_CONVERSION = YES;
				CLANG_WARN_OBJC_ROOT_CLASS = YES_ERROR;
				CLANG_WARN_UNREACHABLE_CODE = YES;
				CLANG_WARN__DUPLICATE_METHOD_MATCH = YES;
				"CODE_SIGN_IDENTITY[sdk=iphoneos*]" = "iPhone Developer";
				COPY_PHASE_STRIP = NO;
				DEBUG_INFORMATION_FORMAT = dwarf;
				ENABLE_STRICT_OBJC_MSGSEND = YES;
				ENABLE_TESTABILITY = YES;
				GCC_C_LANGUAGE_STANDARD = gnu99;
				GCC_DYNAMIC_NO_PIC = NO;
				GCC_NO_COMMON_BLOCKS = YES;
				GCC_OPTIMIZATION_LEVEL = 0;
				GCC_PREPROCESSOR_DEFINITIONS = (
					"DEBUG=1",
					"$(inherited)",
				);
				GCC_WARN_64_TO_32_BIT_CONVERSION = YES;
				GCC_WARN_ABOUT_RETURN_TYPE = YES_ERROR;
				GCC_WARN_UNDECLARED_SELECTOR = YES;
				GCC_WARN_UNINITIALIZED_AUTOS = YES_AGGRESSIVE;
				GCC_WARN_UNUSED_FUNCTION = YES;
				GCC_WARN_UNUSED_VARIABLE = YES;
				IPHONEOS_DEPLOYMENT_TARGET = 9.3;
				MTL_ENABLE_DEBUG_INFO = YES;
				ONLY_ACTIVE_ARCH = YES;
				SDKROOT = iphoneos;
			};
			name = Debug;
		};
		8F7F368E1CFD1E83007CEDB6 /* Release */ = {
			isa = XCBuildConfiguration;
			buildSettings = {
				ALWAYS_SEARCH_USER_PATHS = NO;
				CLANG_ANALYZER_NONNULL = YES;
				CLANG_CXX_LANGUAGE_STANDARD = "gnu++0x";
				CLANG_CXX_LIBRARY = "libc++";
				CLANG_ENABLE_MODULES = YES;
				CLANG_ENABLE_OBJC_ARC = YES;
				CLANG_WARN_BOOL_CONVERSION = YES;
				CLANG_WARN_CONSTANT_CONVERSION = YES;
				CLANG_WARN_DIRECT_OBJC_ISA_USAGE = YES_ERROR;
				CLANG_WARN_EMPTY_BODY = YES;
				CLANG_WARN_ENUM_CONVERSION = YES;
				CLANG_WARN_INT_CONVERSION = YES;
				CLANG_WARN_OBJC_ROOT_CLASS = YES_ERROR;
				CLANG_WARN_UNREACHABLE_CODE = YES;
				CLANG_WARN__DUPLICATE_METHOD_MATCH = YES;
				"CODE_SIGN_IDENTITY[sdk=iphoneos*]" = "iPhone Developer";
				COPY_PHASE_STRIP = NO;
				DEBUG_INFORMATION_FORMAT = "dwarf-with-dsym";
				ENABLE_NS_ASSERTIONS = NO;
				ENABLE_STRICT_OBJC_MSGSEND = YES;
				GCC_C_LANGUAGE_STANDARD = gnu99;
				GCC_NO_COMMON_BLOCKS = YES;
				GCC_WARN_64_TO_32_BIT_CONVERSION = YES;
				GCC_WARN_ABOUT_RETURN_TYPE = YES_ERROR;
				GCC_WARN_UNDECLARED_SELECTOR = YES;
				GCC_WARN_UNINITIALIZED_AUTOS = YES_AGGRESSIVE;
				GCC_WARN_UNUSED_FUNCTION = YES;
				GCC_WARN_UNUSED_VARIABLE = YES;
				IPHONEOS_DEPLOYMENT_TARGET = 9.3;
				MTL_ENABLE_DEBUG_INFO = NO;
				SDKROOT = iphoneos;
				VALIDATE_PRODUCT = YES;
			};
			name = Release;
		};
		8F7F36901CFD1E83007CEDB6 /* Debug */ = {
			isa = XCBuildConfiguration;
			buildSettings = {
				ASSETCATALOG_COMPILER_APPICON_NAME = AppIcon;
				CODE_SIGN_IDENTITY = "iPhone Developer";
				"CODE_SIGN_IDENTITY[sdk=iphoneos*]" = "iPhone Developer";
				INFOPLIST_FILE = barcode/Info.plist;
				LD_RUNPATH_SEARCH_PATHS = "$(inherited) @executable_path/Frameworks";
				PRODUCT_BUNDLE_IDENTIFIER = YH.djtu.com.barcode;
				PRODUCT_NAME = "$(TARGET_NAME)";
				PROVISIONING_PROFILE = "";
			};
			name = Debug;
		};
		8F7F36911CFD1E83007CEDB6 /* Release */ = {
			isa = XCBuildConfiguration;
			buildSettings = {
				ASSETCATALOG_COMPILER_APPICON_NAME = AppIcon;
				CODE_SIGN_IDENTITY = "iPhone Developer";
				"CODE_SIGN_IDENTITY[sdk=iphoneos*]" = "iPhone Developer";
				INFOPLIST_FILE = barcode/Info.plist;
				LD_RUNPATH_SEARCH_PATHS = "$(inherited) @executable_path/Frameworks";
				PRODUCT_BUNDLE_IDENTIFIER = YH.djtu.com.barcode;
				PRODUCT_NAME = "$(TARGET_NAME)";
				PROVISIONING_PROFILE = "";
			};
			name = Release;
		};
		8F7F36931CFD1E83007CEDB6 /* Debug */ = {
			isa = XCBuildConfiguration;
			buildSettings = {
				BUNDLE_LOADER = "$(TEST_HOST)";
				INFOPLIST_FILE = barcodeTests/Info.plist;
				LD_RUNPATH_SEARCH_PATHS = "$(inherited) @executable_path/Frameworks @loader_path/Frameworks";
				PRODUCT_BUNDLE_IDENTIFIER = YH.djtu.com.barcodeTests;
				PRODUCT_NAME = "$(TARGET_NAME)";
				TEST_HOST = "$(BUILT_PRODUCTS_DIR)/barcode.app/barcode";
			};
			name = Debug;
		};
		8F7F36941CFD1E83007CEDB6 /* Release */ = {
			isa = XCBuildConfiguration;
			buildSettings = {
				BUNDLE_LOADER = "$(TEST_HOST)";
				INFOPLIST_FILE = barcodeTests/Info.plist;
				LD_RUNPATH_SEARCH_PATHS = "$(inherited) @executable_path/Frameworks @loader_path/Frameworks";
				PRODUCT_BUNDLE_IDENTIFIER = YH.djtu.com.barcodeTests;
				PRODUCT_NAME = "$(TARGET_NAME)";
				TEST_HOST = "$(BUILT_PRODUCTS_DIR)/barcode.app/barcode";
			};
			name = Release;
		};
		8F7F36961CFD1E83007CEDB6 /* Debug */ = {
			isa = XCBuildConfiguration;
			buildSettings = {
				INFOPLIST_FILE = barcodeUITests/Info.plist;
				LD_RUNPATH_SEARCH_PATHS = "$(inherited) @executable_path/Frameworks @loader_path/Frameworks";
				PRODUCT_BUNDLE_IDENTIFIER = YH.djtu.com.barcodeUITests;
				PRODUCT_NAME = "$(TARGET_NAME)";
				TEST_TARGET_NAME = barcode;
			};
			name = Debug;
		};
		8F7F36971CFD1E83007CEDB6 /* Release */ = {
			isa = XCBuildConfiguration;
			buildSettings = {
				INFOPLIST_FILE = barcodeUITests/Info.plist;
				LD_RUNPATH_SEARCH_PATHS = "$(inherited) @executable_path/Frameworks @loader_path/Frameworks";
				PRODUCT_BUNDLE_IDENTIFIER = YH.djtu.com.barcodeUITests;
				PRODUCT_NAME = "$(TARGET_NAME)";
				TEST_TARGET_NAME = barcode;
			};
			name = Release;
		};
/* End XCBuildConfiguration section */

/* Begin XCConfigurationList section */
		8F7F365A1CFD1E83007CEDB6 /* Build configuration list for PBXProject "barcode" */ = {
			isa = XCConfigurationList;
			buildConfigurations = (
				8F7F368D1CFD1E83007CEDB6 /* Debug */,
				8F7F368E1CFD1E83007CEDB6 /* Release */,
			);
			defaultConfigurationIsVisible = 0;
			defaultConfigurationName = Release;
		};
		8F7F368F1CFD1E83007CEDB6 /* Build configuration list for PBXNativeTarget "barcode" */ = {
			isa = XCConfigurationList;
			buildConfigurations = (
				8F7F36901CFD1E83007CEDB6 /* Debug */,
				8F7F36911CFD1E83007CEDB6 /* Release */,
			);
			defaultConfigurationIsVisible = 0;
		};
		8F7F36921CFD1E83007CEDB6 /* Build configuration list for PBXNativeTarget "barcodeTests" */ = {
			isa = XCConfigurationList;
			buildConfigurations = (
				8F7F36931CFD1E83007CEDB6 /* Debug */,
				8F7F36941CFD1E83007CEDB6 /* Release */,
			);
			defaultConfigurationIsVisible = 0;
		};
		8F7F36951CFD1E83007CEDB6 /* Build configuration list for PBXNativeTarget "barcodeUITests" */ = {
			isa = XCConfigurationList;
			buildConfigurations = (
				8F7F36961CFD1E83007CEDB6 /* Debug */,
				8F7F36971CFD1E83007CEDB6 /* Release */,
			);
			defaultConfigurationIsVisible = 0;
		};
/* End XCConfigurationList section */

/* Begin XCVersionGroup section */
		8F7F366E1CFD1E83007CEDB6 /* barcode.xcdatamodeld */ = {
			isa = XCVersionGroup;
			children = (
				8F7F366F1CFD1E83007CEDB6 /* barcode.xcdatamodel */,
			);
			currentVersion = 8F7F366F1CFD1E83007CEDB6 /* barcode.xcdatamodel */;
			path = barcode.xcdatamodeld;
			sourceTree = "<group>";
			versionGroupType = wrapper.xcdatamodel;
		};
/* End XCVersionGroup section */
	};
	rootObject = 8F7F36571CFD1E83007CEDB6 /* Project object */;
}
